// !$*UTF8*$!
{
	archiveVersion = 1;
	classes = {
	};
	objectVersion = 48;
	objects = {

/* Begin PBXBuildFile section */
		17428ECB1FAF480700D4EEF4 /* AppDelegate.swift in Sources */ = {isa = PBXBuildFile; fileRef = 17428ECA1FAF480700D4EEF4 /* AppDelegate.swift */; };
		17428ECD1FAF480700D4EEF4 /* ViewController.swift in Sources */ = {isa = PBXBuildFile; fileRef = 17428ECC1FAF480700D4EEF4 /* ViewController.swift */; };
		17428ED01FAF480700D4EEF4 /* Main.storyboard in Resources */ = {isa = PBXBuildFile; fileRef = 17428ECE1FAF480700D4EEF4 /* Main.storyboard */; };
		17428ED21FAF480700D4EEF4 /* Assets.xcassets in Resources */ = {isa = PBXBuildFile; fileRef = 17428ED11FAF480700D4EEF4 /* Assets.xcassets */; };
		17428ED51FAF480700D4EEF4 /* LaunchScreen.storyboard in Resources */ = {isa = PBXBuildFile; fileRef = 17428ED31FAF480700D4EEF4 /* LaunchScreen.storyboard */; };
		17428EE01FAF480800D4EEF4 /* LetThereBeLightTests.swift in Sources */ = {isa = PBXBuildFile; fileRef = 17428EDF1FAF480800D4EEF4 /* LetThereBeLightTests.swift */; };
/* End PBXBuildFile section */

/* Begin PBXContainerItemProxy section */
		17428EDC1FAF480800D4EEF4 /* PBXContainerItemProxy */ = {
			isa = PBXContainerItemProxy;
			containerPortal = 17428EBF1FAF480700D4EEF4 /* Project object */;
			proxyType = 1;
			remoteGlobalIDString = 17428EC61FAF480700D4EEF4;
			remoteInfo = LetThereBeLight;
		};
/* End PBXContainerItemProxy section */

/* Begin PBXFileReference section */
		17428EC71FAF480700D4EEF4 /* LetThereBeLight.app */ = {isa = PBXFileReference; explicitFileType = wrapper.application; includeInIndex = 0; path = LetThereBeLight.app; sourceTree = BUILT_PRODUCTS_DIR; };
		17428ECA1FAF480700D4EEF4 /* AppDelegate.swift */ = {isa = PBXFileReference; lastKnownFileType = sourcecode.swift; path = AppDelegate.swift; sourceTree = "<group>"; };
		17428ECC1FAF480700D4EEF4 /* ViewController.swift */ = {isa = PBXFileReference; lastKnownFileType = sourcecode.swift; path = ViewController.swift; sourceTree = "<group>"; };
		17428ECF1FAF480700D4EEF4 /* Base */ = {isa = PBXFileReference; lastKnownFileType = file.storyboard; name = Base; path = Base.lproj/Main.storyboard; sourceTree = "<group>"; };
		17428ED11FAF480700D4EEF4 /* Assets.xcassets */ = {isa = PBXFileReference; lastKnownFileType = folder.assetcatalog; path = Assets.xcassets; sourceTree = "<group>"; };
		17428ED41FAF480700D4EEF4 /* Base */ = {isa = PBXFileReference; lastKnownFileType = file.storyboard; name = Base; path = Base.lproj/LaunchScreen.storyboard; sourceTree = "<group>"; };
		17428ED61FAF480700D4EEF4 /* Info.plist */ = {isa = PBXFileReference; lastKnownFileType = text.plist.xml; path = Info.plist; sourceTree = "<group>"; };
		17428EDB1FAF480800D4EEF4 /* LetThereBeLightTests.xctest */ = {isa = PBXFileReference; explicitFileType = wrapper.cfbundle; includeInIndex = 0; path = LetThereBeLightTests.xctest; sourceTree = BUILT_PRODUCTS_DIR; };
		17428EDF1FAF480800D4EEF4 /* LetThereBeLightTests.swift */ = {isa = PBXFileReference; lastKnownFileType = sourcecode.swift; path = LetThereBeLightTests.swift; sourceTree = "<group>"; };
		17428EE11FAF480800D4EEF4 /* Info.plist */ = {isa = PBXFileReference; lastKnownFileType = text.plist.xml; path = Info.plist; sourceTree = "<group>"; };
/* End PBXFileReference section */

/* Begin PBXFrameworksBuildPhase section */
		17428EC41FAF480700D4EEF4 /* Frameworks */ = {
			isa = PBXFrameworksBuildPhase;
			buildActionMask = 2147483647;
			files = (
			);
			runOnlyForDeploymentPostprocessing = 0;
		};
		17428ED81FAF480800D4EEF4 /* Frameworks */ = {
			isa = PBXFrameworksBuildPhase;
			buildActionMask = 2147483647;
			files = (
			);
			runOnlyForDeploymentPostprocessing = 0;
		};
/* End PBXFrameworksBuildPhase section */

/* Begin PBXGroup section */
		17428EBE1FAF480700D4EEF4 = {
			isa = PBXGroup;
			children = (
				17428EC91FAF480700D4EEF4 /* LetThereBeLight */,
				17428EDE1FAF480800D4EEF4 /* LetThereBeLightTests */,
				17428EC81FAF480700D4EEF4 /* Products */,
			);
			sourceTree = "<group>";
		};
		17428EC81FAF480700D4EEF4 /* Products */ = {
			isa = PBXGroup;
			children = (
				17428EC71FAF480700D4EEF4 /* LetThereBeLight.app */,
				17428EDB1FAF480800D4EEF4 /* LetThereBeLightTests.xctest */,
			);
			name = Products;
			sourceTree = "<group>";
		};
		17428EC91FAF480700D4EEF4 /* LetThereBeLight */ = {
			isa = PBXGroup;
			children = (
				17428ECA1FAF480700D4EEF4 /* AppDelegate.swift */,
				17428ECC1FAF480700D4EEF4 /* ViewController.swift */,
				17428ECE1FAF480700D4EEF4 /* Main.storyboard */,
				17428ED11FAF480700D4EEF4 /* Assets.xcassets */,
				17428ED31FAF480700D4EEF4 /* LaunchScreen.storyboard */,
				17428ED61FAF480700D4EEF4 /* Info.plist */,
			);
			path = LetThereBeLight;
			sourceTree = "<group>";
		};
		17428EDE1FAF480800D4EEF4 /* LetThereBeLightTests */ = {
			isa = PBXGroup;
			children = (
				17428EDF1FAF480800D4EEF4 /* LetThereBeLightTests.swift */,
				17428EE11FAF480800D4EEF4 /* Info.plist */,
			);
			path = LetThereBeLightTests;
			sourceTree = "<group>";
		};
/* End PBXGroup section */

/* Begin PBXNativeTarget section */
		17428EC61FAF480700D4EEF4 /* LetThereBeLight */ = {
			isa = PBXNativeTarget;
			buildConfigurationList = 17428EE41FAF480800D4EEF4 /* Build configuration list for PBXNativeTarget "LetThereBeLight" */;
			buildPhases = (
				17428EC31FAF480700D4EEF4 /* Sources */,
				17428EC41FAF480700D4EEF4 /* Frameworks */,
				17428EC51FAF480700D4EEF4 /* Resources */,
			);
			buildRules = (
			);
			dependencies = (
			);
			name = LetThereBeLight;
			productName = LetThereBeLight;
			productReference = 17428EC71FAF480700D4EEF4 /* LetThereBeLight.app */;
			productType = "com.apple.product-type.application";
		};
		17428EDA1FAF480800D4EEF4 /* LetThereBeLightTests */ = {
			isa = PBXNativeTarget;
			buildConfigurationList = 17428EE71FAF480800D4EEF4 /* Build configuration list for PBXNativeTarget "LetThereBeLightTests" */;
			buildPhases = (
				17428ED71FAF480800D4EEF4 /* Sources */,
				17428ED81FAF480800D4EEF4 /* Frameworks */,
				17428ED91FAF480800D4EEF4 /* Resources */,
			);
			buildRules = (
			);
			dependencies = (
				17428EDD1FAF480800D4EEF4 /* PBXTargetDependency */,
			);
			name = LetThereBeLightTests;
			productName = LetThereBeLightTests;
			productReference = 17428EDB1FAF480800D4EEF4 /* LetThereBeLightTests.xctest */;
			productType = "com.apple.product-type.bundle.unit-test";
		};
/* End PBXNativeTarget section */

/* Begin PBXProject section */
		17428EBF1FAF480700D4EEF4 /* Project object */ = {
			isa = PBXProject;
			attributes = {
				LastSwiftUpdateCheck = 0900;
				LastUpgradeCheck = 0900;
				ORGANIZATIONNAME = "Digital Beans";
				TargetAttributes = {
					17428EC61FAF480700D4EEF4 = {
						CreatedOnToolsVersion = 9.0;
						ProvisioningStyle = Automatic;
					};
					17428EDA1FAF480800D4EEF4 = {
						CreatedOnToolsVersion = 9.0;
						ProvisioningStyle = Automatic;
						TestTargetID = 17428EC61FAF480700D4EEF4;
					};
				};
			};
			buildConfigurationList = 17428EC21FAF480700D4EEF4 /* Build configuration list for PBXProject "LetThereBeLight" */;
			compatibilityVersion = "Xcode 8.0";
			developmentRegion = en;
			hasScannedForEncodings = 0;
			knownRegions = (
				en,
				Base,
			);
			mainGroup = 17428EBE1FAF480700D4EEF4;
			productRefGroup = 17428EC81FAF480700D4EEF4 /* Products */;
			projectDirPath = "";
			projectRoot = "";
			targets = (
				17428EC61FAF480700D4EEF4 /* LetThereBeLight */,
				17428EDA1FAF480800D4EEF4 /* LetThereBeLightTests */,
			);
		};
/* End PBXProject section */

/* Begin PBXResourcesBuildPhase section */
		17428EC51FAF480700D4EEF4 /* Resources */ = {
			isa = PBXResourcesBuildPhase;
			buildActionMask = 2147483647;
			files = (
				17428ED51FAF480700D4EEF4 /* LaunchScreen.storyboard in Resources */,
				17428ED21FAF480700D4EEF4 /* Assets.xcassets in Resources */,
				17428ED01FAF480700D4EEF4 /* Main.storyboard in Resources */,
			);
			runOnlyForDeploymentPostprocessing = 0;
		};
		17428ED91FAF480800D4EEF4 /* Resources */ = {
			isa = PBXResourcesBuildPhase;
			buildActionMask = 2147483647;
			files = (
			);
			runOnlyForDeploymentPostprocessing = 0;
		};
/* End PBXResourcesBuildPhase section */

/* Begin PBXSourcesBuildPhase section */
		17428EC31FAF480700D4EEF4 /* Sources */ = {
			isa = PBXSourcesBuildPhase;
			buildActionMask = 2147483647;
			files = (
				17428ECD1FAF480700D4EEF4 /* ViewController.swift in Sources */,
				17428ECB1FAF480700D4EEF4 /* AppDelegate.swift in Sources */,
			);
			runOnlyForDeploymentPostprocessing = 0;
		};
		17428ED71FAF480800D4EEF4 /* Sources */ = {
			isa = PBXSourcesBuildPhase;
			buildActionMask = 2147483647;
			files = (
				17428EE01FAF480800D4EEF4 /* LetThereBeLightTests.swift in Sources */,
			);
			runOnlyForDeploymentPostprocessing = 0;
		};
/* End PBXSourcesBuildPhase section */

/* Begin PBXTargetDependency section */
		17428EDD1FAF480800D4EEF4 /* PBXTargetDependency */ = {
			isa = PBXTargetDependency;
			target = 17428EC61FAF480700D4EEF4 /* LetThereBeLight */;
			targetProxy = 17428EDC1FAF480800D4EEF4 /* PBXContainerItemProxy */;
		};
/* End PBXTargetDependency section */

/* Begin PBXVariantGroup section */
		17428ECE1FAF480700D4EEF4 /* Main.storyboard */ = {
			isa = PBXVariantGroup;
			children = (
				17428ECF1FAF480700D4EEF4 /* Base */,
			);
			name = Main.storyboard;
			sourceTree = "<group>";
		};
		17428ED31FAF480700D4EEF4 /* LaunchScreen.storyboard */ = {
			isa = PBXVariantGroup;
			children = (
				17428ED41FAF480700D4EEF4 /* Base */,
			);
			name = LaunchScreen.storyboard;
			sourceTree = "<group>";
		};
/* End PBXVariantGroup section */

/* Begin XCBuildConfiguration section */
		17428EE21FAF480800D4EEF4 /* Debug */ = {
			isa = XCBuildConfiguration;
			buildSettings = {
				ALWAYS_SEARCH_USER_PATHS = NO;
				CLANG_ANALYZER_NONNULL = YES;
				CLANG_ANALYZER_NUMBER_OBJECT_CONVERSION = YES_AGGRESSIVE;
				CLANG_CXX_LANGUAGE_STANDARD = "gnu++14";
				CLANG_CXX_LIBRARY = "libc++";
				CLANG_ENABLE_MODULES = YES;
				CLANG_ENABLE_OBJC_ARC = YES;
				CLANG_WARN_BLOCK_CAPTURE_AUTORELEASING = YES;
				CLANG_WARN_BOOL_CONVERSION = YES;
				CLANG_WARN_COMMA = YES;
				CLANG_WARN_CONSTANT_CONVERSION = YES;
				CLANG_WARN_DIRECT_OBJC_ISA_USAGE = YES_ERROR;
				CLANG_WARN_DOCUMENTATION_COMMENTS = YES;
				CLANG_WARN_EMPTY_BODY = YES;
				CLANG_WARN_ENUM_CONVERSION = YES;
				CLANG_WARN_INFINITE_RECURSION = YES;
				CLANG_WARN_INT_CONVERSION = YES;
				CLANG_WARN_NON_LITERAL_NULL_CONVERSION = YES;
				CLANG_WARN_OBJC_LITERAL_CONVERSION = YES;
				CLANG_WARN_OBJC_ROOT_CLASS = YES_ERROR;
				CLANG_WARN_RANGE_LOOP_ANALYSIS = YES;
				CLANG_WARN_STRICT_PROTOTYPES = YES;
				CLANG_WARN_SUSPICIOUS_MOVE = YES;
				CLANG_WARN_UNGUARDED_AVAILABILITY = YES_AGGRESSIVE;
				CLANG_WARN_UNREACHABLE_CODE = YES;
				CLANG_WARN__DUPLICATE_METHOD_MATCH = YES;
				CODE_SIGN_IDENTITY = "iPhone Developer";
				COPY_PHASE_STRIP = NO;
				DEBUG_INFORMATION_FORMAT = dwarf;
				ENABLE_STRICT_OBJC_MSGSEND = YES;
				ENABLE_TESTABILITY = YES;
				GCC_C_LANGUAGE_STANDARD = gnu11;
				GCC_DYNAMIC_NO_PIC = NO;
				GCC_NO_COMMON_BLOCKS = YES;
				GCC_OPTIMIZATION_LEVEL = 0;
				GCC_PREPROCESSOR_DEFINITIONS = (
					"DEBUG=1",
					"$(inherited)",
				);
				GCC_WARN_64_TO_32_BIT_CONVERSION = YES;
				GCC_WARN_ABOUT_RETURN_TYPE = YES_ERROR;
				GCC_WARN_UNDECLARED_SELECTOR = YES;
				GCC_WARN_UNINITIALIZED_AUTOS = YES_AGGRESSIVE;
				GCC_WARN_UNUSED_FUNCTION = YES;
				GCC_WARN_UNUSED_VARIABLE = YES;
				IPHONEOS_DEPLOYMENT_TARGET = 11.0;
				MTL_ENABLE_DEBUG_INFO = YES;
				ONLY_ACTIVE_ARCH = YES;
				SDKROOT = iphoneos;
				SWIFT_ACTIVE_COMPILATION_CONDITIONS = DEBUG;
				SWIFT_OPTIMIZATION_LEVEL = "-Onone";
			};
			name = Debug;
		};
		17428EE31FAF480800D4EEF4 /* Release */ = {
			isa = XCBuildConfiguration;
			buildSettings = {
				ALWAYS_SEARCH_USER_PATHS = NO;
				CLANG_ANALYZER_NONNULL = YES;
				CLANG_ANALYZER_NUMBER_OBJECT_CONVERSION = YES_AGGRESSIVE;
				CLANG_CXX_LANGUAGE_STANDARD = "gnu++14";
				CLANG_CXX_LIBRARY = "libc++";
				CLANG_ENABLE_MODULES = YES;
				CLANG_ENABLE_OBJC_ARC = YES;
				CLANG_WARN_BLOCK_CAPTURE_AUTORELEASING = YES;
				CLANG_WARN_BOOL_CONVERSION = YES;
				CLANG_WARN_COMMA = YES;
				CLANG_WARN_CONSTANT_CONVERSION = YES;
				CLANG_WARN_DIRECT_OBJC_ISA_USAGE = YES_ERROR;
				CLANG_WARN_DOCUMENTATION_COMMENTS = YES;
				CLANG_WARN_EMPTY_BODY = YES;
				CLANG_WARN_ENUM_CONVERSION = YES;
				CLANG_WARN_INFINITE_RECURSION = YES;
				CLANG_WARN_INT_CONVERSION = YES;
				CLANG_WARN_NON_LITERAL_NULL_CONVERSION = YES;
				CLANG_WARN_OBJC_LITERAL_CONVERSION = YES;
				CLANG_WARN_OBJC_ROOT_CLASS = YES_ERROR;
				CLANG_WARN_RANGE_LOOP_ANALYSIS = YES;
				CLANG_WARN_STRICT_PROTOTYPES = YES;
				CLANG_WARN_SUSPICIOUS_MOVE = YES;
				CLANG_WARN_UNGUARDED_AVAILABILITY = YES_AGGRESSIVE;
				CLANG_WARN_UNREACHABLE_CODE = YES;
				CLANG_WARN__DUPLICATE_METHOD_MATCH = YES;
				CODE_SIGN_IDENTITY = "iPhone Developer";
				COPY_PHASE_STRIP = NO;
				DEBUG_INFORMATION_FORMAT = "dwarf-with-dsym";
				ENABLE_NS_ASSERTIONS = NO;
				ENABLE_STRICT_OBJC_MSGSEND = YES;
				GCC_C_LANGUAGE_STANDARD = gnu11;
				GCC_NO_COMMON_BLOCKS = YES;
				GCC_WARN_64_TO_32_BIT_CONVERSION = YES;
				GCC_WARN_ABOUT_RETURN_TYPE = YES_ERROR;
				GCC_WARN_UNDECLARED_SELECTOR = YES;
				GCC_WARN_UNINITIALIZED_AUTOS = YES_AGGRESSIVE;
				GCC_WARN_UNUSED_FUNCTION = YES;
				GCC_WARN_UNUSED_VARIABLE = YES;
				IPHONEOS_DEPLOYMENT_TARGET = 11.0;
				MTL_ENABLE_DEBUG_INFO = NO;
				SDKROOT = iphoneos;
				SWIFT_OPTIMIZATION_LEVEL = "-Owholemodule";
				VALIDATE_PRODUCT = YES;
			};
			name = Release;
		};
		17428EE51FAF480800D4EEF4 /* Debug */ = {
			isa = XCBuildConfiguration;
			buildSettings = {
				ASSETCATALOG_COMPILER_APPICON_NAME = AppIcon;
				CODE_SIGN_STYLE = Automatic;
				DEVELOPMENT_TEAM = BVQWZHV3NP;
				INFOPLIST_FILE = LetThereBeLight/Info.plist;
				LD_RUNPATH_SEARCH_PATHS = "$(inherited) @executable_path/Frameworks";
				PRODUCT_BUNDLE_IDENTIFIER = com.digitalbeans.LetThereBeLight;
				PRODUCT_NAME = "$(TARGET_NAME)";
				SWIFT_VERSION = 4.0;
				TARGETED_DEVICE_FAMILY = "1,2";
			};
			name = Debug;
		};
		17428EE61FAF480800D4EEF4 /* Release */ = {
			isa = XCBuildConfiguration;
			buildSettings = {
				ASSETCATALOG_COMPILER_APPICON_NAME = AppIcon;
				CODE_SIGN_STYLE = Automatic;
				DEVELOPMENT_TEAM = BVQWZHV3NP;
				INFOPLIST_FILE = LetThereBeLight/Info.plist;
				LD_RUNPATH_SEARCH_PATHS = "$(inherited) @executable_path/Frameworks";
				PRODUCT_BUNDLE_IDENTIFIER = com.digitalbeans.LetThereBeLight;
				PRODUCT_NAME = "$(TARGET_NAME)";
				SWIFT_VERSION = 4.0;
				TARGETED_DEVICE_FAMILY = "1,2";
			};
			name = Release;
		};
		17428EE81FAF480800D4EEF4 /* Debug */ = {
			isa = XCBuildConfiguration;
			buildSettings = {
				ALWAYS_EMBED_SWIFT_STANDARD_LIBRARIES = YES;
				BUNDLE_LOADER = "$(TEST_HOST)";
				CODE_SIGN_STYLE = Automatic;
				DEVELOPMENT_TEAM = BVQWZHV3NP;
				INFOPLIST_FILE = LetThereBeLightTests/Info.plist;
				LD_RUNPATH_SEARCH_PATHS = "$(inherited) @executable_path/Frameworks @loader_path/Frameworks";
				PRODUCT_BUNDLE_IDENTIFIER = com.digitalbeans.LetThereBeLightTests;
				PRODUCT_NAME = "$(TARGET_NAME)";
				SWIFT_VERSION = 4.0;
				TARGETED_DEVICE_FAMILY = "1,2";
				TEST_HOST = "$(BUILT_PRODUCTS_DIR)/LetThereBeLight.app/LetThereBeLight";
			};
			name = Debug;
		};
		17428EE91FAF480800D4EEF4 /* Release */ = {
			isa = XCBuildConfiguration;
			buildSettings = {
				ALWAYS_EMBED_SWIFT_STANDARD_LIBRARIES = YES;
				BUNDLE_LOADER = "$(TEST_HOST)";
				CODE_SIGN_STYLE = Automatic;
				DEVELOPMENT_TEAM = BVQWZHV3NP;
				INFOPLIST_FILE = LetThereBeLightTests/Info.plist;
				LD_RUNPATH_SEARCH_PATHS = "$(inherited) @executable_path/Frameworks @loader_path/Frameworks";
				PRODUCT_BUNDLE_IDENTIFIER = com.digitalbeans.LetThereBeLightTests;
				PRODUCT_NAME = "$(TARGET_NAME)";
				SWIFT_VERSION = 4.0;
				TARGETED_DEVICE_FAMILY = "1,2";
				TEST_HOST = "$(BUILT_PRODUCTS_DIR)/LetThereBeLight.app/LetThereBeLight";
			};
			name = Release;
		};
/* End XCBuildConfiguration section */

/* Begin XCConfigurationList section */
		17428EC21FAF480700D4EEF4 /* Build configuration list for PBXProject "LetThereBeLight" */ = {
			isa = XCConfigurationList;
			buildConfigurations = (
				17428EE21FAF480800D4EEF4 /* Debug */,
				17428EE31FAF480800D4EEF4 /* Release */,
			);
			defaultConfigurationIsVisible = 0;
			defaultConfigurationName = Release;
		};
		17428EE41FAF480800D4EEF4 /* Build configuration list for PBXNativeTarget "LetThereBeLight" */ = {
			isa = XCConfigurationList;
			buildConfigurations = (
				17428EE51FAF480800D4EEF4 /* Debug */,
				17428EE61FAF480800D4EEF4 /* Release */,
			);
			defaultConfigurationIsVisible = 0;
			defaultConfigurationName = Release;
		};
		17428EE71FAF480800D4EEF4 /* Build configuration list for PBXNativeTarget "LetThereBeLightTests" */ = {
			isa = XCConfigurationList;
			buildConfigurations = (
				17428EE81FAF480800D4EEF4 /* Debug */,
				17428EE91FAF480800D4EEF4 /* Release */,
			);
			defaultConfigurationIsVisible = 0;
			defaultConfigurationName = Release;
		};
/* End XCConfigurationList section */
	};
	rootObject = 17428EBF1FAF480700D4EEF4 /* Project object */;
}
